
Microsoft Visual Studio Solution File, Format Version 12.00
# Visual Studio 15
VisualStudioVersion = 15.0.28010.2036
MinimumVisualStudioVersion = 10.0.40219.1
Project("{FAE04EC0-301F-11D3-BF4B-00C04F79EFBC}") = "DesignStudioCoursework", "DesignStudioCoursework\DesignStudioCoursework.csproj", "{806CD3FF-BB17-4320-BEBD-A7A4790BC2C6}"
EndProject
Global
	GlobalSection(SolutionConfigurationPlatforms) = preSolution
		Debug|Any CPU = Debug|Any CPU
		Release|Any CPU = Release|Any CPU
	EndGlobalSection
	GlobalSection(ProjectConfigurationPlatforms) = postSolution
		{806CD3FF-BB17-4320-BEBD-A7A4790BC2C6}.Debug|Any CPU.ActiveCfg = Debug|Any CPU
		{806CD3FF-BB17-4320-BEBD-A7A4790BC2C6}.Debug|Any CPU.Build.0 = Debug|Any CPU
		{806CD3FF-BB17-4320-BEBD-A7A4790BC2C6}.Release|Any CPU.ActiveCfg = Release|Any CPU
		{806CD3FF-BB17-4320-BEBD-A7A4790BC2C6}.Release|Any CPU.Build.0 = Release|Any CPU
	EndGlobalSection
	GlobalSection(SolutionProperties) = preSolution
		HideSolutionNode = FALSE
	EndGlobalSection
	GlobalSection(ExtensibilityGlobals) = postSolution
		SolutionGuid = {8A727D98-A1F5-450F-B21F-F4E553E1049D}
	EndGlobalSection
EndGlobal
